{
    "exsyst/swagger": {
        "version": "v0.4.1"
    },
    "nelmio/api-doc-bundle": {
        "version": "3.0",
        "recipe": {
            "repo": "github.com/symfony/recipes-contrib",
            "branch": "master",
            "version": "3.0",
            "ref": "c8e0c38e1a280ab9e37587a8fa32b251d5bc1c94"
        },
        "files": [
            "config/packages/nelmio_api_doc.yaml",
            "config/routes/nelmio_api_doc.yaml"
        ]
    },
    "php": {
        "version": "7.3"
    },
    "phpdocumentor/reflection-common": {
        "version": "2.1.0"
    },
    "phpdocumentor/reflection-docblock": {
        "version": "5.1.0"
    },
    "phpdocumentor/type-resolver": {
        "version": "1.1.0"
    },
    "symfony/property-info": {
        "version": "v4.4.10"
    },
    "webmozart/assert": {
        "version": "1.8.0"
    },
    "zircote/swagger-php": {
        "version": "2.0.16"
    }
}
